
Microsoft Visual Studio Solution File, Format Version 12.00
# Visual Studio Version 17
VisualStudioVersion = 17.6.33829.357
MinimumVisualStudioVersion = 10.0.40219.1
Project("{FAE04EC0-301F-11D3-BF4B-00C04F79EFBC}") = "Login_1", "Login_1\Login_1.csproj", "{BD178AEA-1B44-4812-974B-E2FA060FD51A}"
EndProject
Global
	GlobalSection(SolutionConfigurationPlatforms) = preSolution
		Debug|Any CPU = Debug|Any CPU
		Release|Any CPU = Release|Any CPU
	EndGlobalSection
	GlobalSection(ProjectConfigurationPlatforms) = postSolution
		{BD178AEA-1B44-4812-974B-E2FA060FD51A}.Debug|Any CPU.ActiveCfg = Debug|Any CPU
		{BD178AEA-1B44-4812-974B-E2FA060FD51A}.Debug|Any CPU.Build.0 = Debug|Any CPU
		{BD178AEA-1B44-4812-974B-E2FA060FD51A}.Release|Any CPU.ActiveCfg = Release|Any CPU
		{BD178AEA-1B44-4812-974B-E2FA060FD51A}.Release|Any CPU.Build.0 = Release|Any CPU
	EndGlobalSection
	GlobalSection(SolutionProperties) = preSolution
		HideSolutionNode = FALSE
	EndGlobalSection
	GlobalSection(ExtensibilityGlobals) = postSolution
		SolutionGuid = {008A6893-4CF8-4045-B9F0-50D9BBA9D725}
	EndGlobalSection
EndGlobal
